
Microsoft Visual Studio Solution File, Format Version 12.00
# Visual Studio 14
VisualStudioVersion = 14.0.25420.1
MinimumVisualStudioVersion = 10.0.40219.1
Project("{FAE04EC0-301F-11D3-BF4B-00C04F79EFBC}") = "WPF_TextBlock", "WPF_TextBlock\WPF_TextBlock.csproj", "{2B48DEA2-D4E9-48E4-8A2F-C6C4A8F06505}"
EndProject
Project("{FAE04EC0-301F-11D3-BF4B-00C04F79EFBC}") = "WPF_TextBlock_Inlines", "WPF_TextBlock_Inlines\WPF_TextBlock_Inlines.csproj", "{11A9A3F8-AC5B-4B11-A8BD-627341C0A246}"
EndProject
Project("{FAE04EC0-301F-11D3-BF4B-00C04F79EFBC}") = "WPF_Button", "WPF_Button\WPF_Button.csproj", "{BEFB6E13-FEE0-4E6F-AC0D-1966B9A55E4A}"
EndProject
Project("{FAE04EC0-301F-11D3-BF4B-00C04F79EFBC}") = "WPF_Textbox", "WPF_Textbox\WPF_Textbox.csproj", "{67745D11-352D-4036-8A8D-EB28AFB153E6}"
EndProject
Project("{FAE04EC0-301F-11D3-BF4B-00C04F79EFBC}") = "WPF_Binding", "WPF_Binding\WPF_Binding.csproj", "{5F104A32-F6EA-4AC3-A401-53962EAFE552}"
EndProject
Project("{FAE04EC0-301F-11D3-BF4B-00C04F79EFBC}") = "WPF_Grid", "WPF_Grid\WPF_Grid.csproj", "{28CB67A8-52D9-4F6C-B5FA-99A9A155D188}"
EndProject
Global
	GlobalSection(SolutionConfigurationPlatforms) = preSolution
		Debug|Any CPU = Debug|Any CPU
		Release|Any CPU = Release|Any CPU
	EndGlobalSection
	GlobalSection(ProjectConfigurationPlatforms) = postSolution
		{2B48DEA2-D4E9-48E4-8A2F-C6C4A8F06505}.Debug|Any CPU.ActiveCfg = Debug|Any CPU
		{2B48DEA2-D4E9-48E4-8A2F-C6C4A8F06505}.Debug|Any CPU.Build.0 = Debug|Any CPU
		{2B48DEA2-D4E9-48E4-8A2F-C6C4A8F06505}.Release|Any CPU.ActiveCfg = Release|Any CPU
		{2B48DEA2-D4E9-48E4-8A2F-C6C4A8F06505}.Release|Any CPU.Build.0 = Release|Any CPU
		{11A9A3F8-AC5B-4B11-A8BD-627341C0A246}.Debug|Any CPU.ActiveCfg = Debug|Any CPU
		{11A9A3F8-AC5B-4B11-A8BD-627341C0A246}.Debug|Any CPU.Build.0 = Debug|Any CPU
		{11A9A3F8-AC5B-4B11-A8BD-627341C0A246}.Release|Any CPU.ActiveCfg = Release|Any CPU
		{11A9A3F8-AC5B-4B11-A8BD-627341C0A246}.Release|Any CPU.Build.0 = Release|Any CPU
		{BEFB6E13-FEE0-4E6F-AC0D-1966B9A55E4A}.Debug|Any CPU.ActiveCfg = Debug|Any CPU
		{BEFB6E13-FEE0-4E6F-AC0D-1966B9A55E4A}.Debug|Any CPU.Build.0 = Debug|Any CPU
		{BEFB6E13-FEE0-4E6F-AC0D-1966B9A55E4A}.Release|Any CPU.ActiveCfg = Release|Any CPU
		{BEFB6E13-FEE0-4E6F-AC0D-1966B9A55E4A}.Release|Any CPU.Build.0 = Release|Any CPU
		{67745D11-352D-4036-8A8D-EB28AFB153E6}.Debug|Any CPU.ActiveCfg = Debug|Any CPU
		{67745D11-352D-4036-8A8D-EB28AFB153E6}.Debug|Any CPU.Build.0 = Debug|Any CPU
		{67745D11-352D-4036-8A8D-EB28AFB153E6}.Release|Any CPU.ActiveCfg = Release|Any CPU
		{67745D11-352D-4036-8A8D-EB28AFB153E6}.Release|Any CPU.Build.0 = Release|Any CPU
		{5F104A32-F6EA-4AC3-A401-53962EAFE552}.Debug|Any CPU.ActiveCfg = Debug|Any CPU
		{5F104A32-F6EA-4AC3-A401-53962EAFE552}.Debug|Any CPU.Build.0 = Debug|Any CPU
		{5F104A32-F6EA-4AC3-A401-53962EAFE552}.Release|Any CPU.ActiveCfg = Release|Any CPU
		{5F104A32-F6EA-4AC3-A401-53962EAFE552}.Release|Any CPU.Build.0 = Release|Any CPU
		{28CB67A8-52D9-4F6C-B5FA-99A9A155D188}.Debug|Any CPU.ActiveCfg = Debug|Any CPU
		{28CB67A8-52D9-4F6C-B5FA-99A9A155D188}.Debug|Any CPU.Build.0 = Debug|Any CPU
		{28CB67A8-52D9-4F6C-B5FA-99A9A155D188}.Release|Any CPU.ActiveCfg = Release|Any CPU
		{28CB67A8-52D9-4F6C-B5FA-99A9A155D188}.Release|Any CPU.Build.0 = Release|Any CPU
	EndGlobalSection
	GlobalSection(SolutionProperties) = preSolution
		HideSolutionNode = FALSE
	EndGlobalSection
EndGlobal
